
Microsoft Visual Studio Solution File, Format Version 12.00
# Visual Studio Version 17
VisualStudioVersion = 17.9.34723.18
MinimumVisualStudioVersion = 10.0.40219.1
Project("{FAE04EC0-301F-11D3-BF4B-00C04F79EFBC}") = "DoAnWebcaffe", "DoAnWebcaffe\DoAnWebcaffe.csproj", "{3C155F61-F34F-40DB-A399-4D6AE2E6B40D}"
EndProject
Global
	GlobalSection(SolutionConfigurationPlatforms) = preSolution
		Debug|Any CPU = Debug|Any CPU
		Release|Any CPU = Release|Any CPU
	EndGlobalSection
	GlobalSection(ProjectConfigurationPlatforms) = postSolution
		{3C155F61-F34F-40DB-A399-4D6AE2E6B40D}.Debug|Any CPU.ActiveCfg = Debug|Any CPU
		{3C155F61-F34F-40DB-A399-4D6AE2E6B40D}.Debug|Any CPU.Build.0 = Debug|Any CPU
		{3C155F61-F34F-40DB-A399-4D6AE2E6B40D}.Release|Any CPU.ActiveCfg = Release|Any CPU
		{3C155F61-F34F-40DB-A399-4D6AE2E6B40D}.Release|Any CPU.Build.0 = Release|Any CPU
	EndGlobalSection
	GlobalSection(SolutionProperties) = preSolution
		HideSolutionNode = FALSE
	EndGlobalSection
	GlobalSection(ExtensibilityGlobals) = postSolution
		SolutionGuid = {9DDB5395-FF5E-4656-A782-9F853CF4E4C7}
	EndGlobalSection
EndGlobal
